
Microsoft Visual Studio Solution File, Format Version 12.00
# Visual Studio Version 17
VisualStudioVersion = 17.8.34205.153
MinimumVisualStudioVersion = 10.0.40219.1
Project("{9A19103F-16F7-4668-BE54-9A1E7A4F7556}") = "graphics", "graphics\graphics.csproj", "{4A909326-0883-486A-8F7D-572814EEDBD1}"
EndProject
Project("{9A19103F-16F7-4668-BE54-9A1E7A4F7556}") = "rendering", "rendeing\rendering.csproj", "{85C2F7F5-815B-448A-905D-B8F0621E298A}"
EndProject
Project("{9A19103F-16F7-4668-BE54-9A1E7A4F7556}") = "shader", "shader\shader.csproj", "{B802B0CD-3D59-450F-B3FE-65A62BFEBD69}"
EndProject
Project("{9A19103F-16F7-4668-BE54-9A1E7A4F7556}") = "ecs", "ecs\ecs.csproj", "{1409D049-865B-4D67-8A65-73A31E91B305}"
EndProject
Project("{2150E333-8FDC-42A3-9474-1A3956D46DE8}") = "samples", "samples", "{A7C7E4BA-D211-4F4B-A55E-3409A516B0FC}"
EndProject
Project("{9A19103F-16F7-4668-BE54-9A1E7A4F7556}") = "winui", "winui\winui.csproj", "{DE39E95F-ED5A-4E4E-A3D3-388E83014E8E}"
EndProject
Project("{9A19103F-16F7-4668-BE54-9A1E7A4F7556}") = "0_base", "samples\0_base\0_base.csproj", "{42F138A7-1AEC-4A61-A40D-F27874B664D2}"
EndProject
Project("{9A19103F-16F7-4668-BE54-9A1E7A4F7556}") = "1_triangle", "samples\1_triangle\1_triangle.csproj", "{BFC3EE73-252A-4086-82B6-5E13A415616B}"
EndProject
Project("{9A19103F-16F7-4668-BE54-9A1E7A4F7556}") = "core", "core\core.csproj", "{2A2C2A7F-5FCC-431F-8D3A-589F32A86FB1}"
EndProject
Project("{9A19103F-16F7-4668-BE54-9A1E7A4F7556}") = "scene", "scene\scene.csproj", "{2864DE23-0969-4093-9A44-00B484CC3BAA}"
EndProject
Project("{9A19103F-16F7-4668-BE54-9A1E7A4F7556}") = "2_scenes", "samples\2_scenes\2_scenes.csproj", "{D6D35B9A-B1A2-4646-A3AD-04D98FA33BCD}"
EndProject
Global
	GlobalSection(SolutionConfigurationPlatforms) = preSolution
		Debug|Any CPU = Debug|Any CPU
		Debug|ARM = Debug|ARM
		Debug|ARM64 = Debug|ARM64
		Debug|x64 = Debug|x64
		Debug|x86 = Debug|x86
		Release|Any CPU = Release|Any CPU
		Release|ARM = Release|ARM
		Release|ARM64 = Release|ARM64
		Release|x64 = Release|x64
		Release|x86 = Release|x86
	EndGlobalSection
	GlobalSection(ProjectConfigurationPlatforms) = postSolution
		{4A909326-0883-486A-8F7D-572814EEDBD1}.Debug|Any CPU.ActiveCfg = Debug|Any CPU
		{4A909326-0883-486A-8F7D-572814EEDBD1}.Debug|Any CPU.Build.0 = Debug|Any CPU
		{4A909326-0883-486A-8F7D-572814EEDBD1}.Debug|ARM.ActiveCfg = Debug|Any CPU
		{4A909326-0883-486A-8F7D-572814EEDBD1}.Debug|ARM.Build.0 = Debug|Any CPU
		{4A909326-0883-486A-8F7D-572814EEDBD1}.Debug|ARM64.ActiveCfg = Debug|Any CPU
		{4A909326-0883-486A-8F7D-572814EEDBD1}.Debug|ARM64.Build.0 = Debug|Any CPU
		{4A909326-0883-486A-8F7D-572814EEDBD1}.Debug|x64.ActiveCfg = Debug|Any CPU
		{4A909326-0883-486A-8F7D-572814EEDBD1}.Debug|x64.Build.0 = Debug|Any CPU
		{4A909326-0883-486A-8F7D-572814EEDBD1}.Debug|x86.ActiveCfg = Debug|Any CPU
		{4A909326-0883-486A-8F7D-572814EEDBD1}.Debug|x86.Build.0 = Debug|Any CPU
		{4A909326-0883-486A-8F7D-572814EEDBD1}.Release|Any CPU.ActiveCfg = Release|Any CPU
		{4A909326-0883-486A-8F7D-572814EEDBD1}.Release|Any CPU.Build.0 = Release|Any CPU
		{4A909326-0883-486A-8F7D-572814EEDBD1}.Release|ARM.ActiveCfg = Release|Any CPU
		{4A909326-0883-486A-8F7D-572814EEDBD1}.Release|ARM.Build.0 = Release|Any CPU
		{4A909326-0883-486A-8F7D-572814EEDBD1}.Release|ARM64.ActiveCfg = Release|Any CPU
		{4A909326-0883-486A-8F7D-572814EEDBD1}.Release|ARM64.Build.0 = Release|Any CPU
		{4A909326-0883-486A-8F7D-572814EEDBD1}.Release|x64.ActiveCfg = Release|Any CPU
		{4A909326-0883-486A-8F7D-572814EEDBD1}.Release|x64.Build.0 = Release|Any CPU
		{4A909326-0883-486A-8F7D-572814EEDBD1}.Release|x86.ActiveCfg = Release|Any CPU
		{4A909326-0883-486A-8F7D-572814EEDBD1}.Release|x86.Build.0 = Release|Any CPU
		{85C2F7F5-815B-448A-905D-B8F0621E298A}.Debug|Any CPU.ActiveCfg = Debug|Any CPU
		{85C2F7F5-815B-448A-905D-B8F0621E298A}.Debug|Any CPU.Build.0 = Debug|Any CPU
		{85C2F7F5-815B-448A-905D-B8F0621E298A}.Debug|ARM.ActiveCfg = Debug|Any CPU
		{85C2F7F5-815B-448A-905D-B8F0621E298A}.Debug|ARM.Build.0 = Debug|Any CPU
		{85C2F7F5-815B-448A-905D-B8F0621E298A}.Debug|ARM64.ActiveCfg = Debug|Any CPU
		{85C2F7F5-815B-448A-905D-B8F0621E298A}.Debug|ARM64.Build.0 = Debug|Any CPU
		{85C2F7F5-815B-448A-905D-B8F0621E298A}.Debug|x64.ActiveCfg = Debug|Any CPU
		{85C2F7F5-815B-448A-905D-B8F0621E298A}.Debug|x64.Build.0 = Debug|Any CPU
		{85C2F7F5-815B-448A-905D-B8F0621E298A}.Debug|x86.ActiveCfg = Debug|Any CPU
		{85C2F7F5-815B-448A-905D-B8F0621E298A}.Debug|x86.Build.0 = Debug|Any CPU
		{85C2F7F5-815B-448A-905D-B8F0621E298A}.Release|Any CPU.ActiveCfg = Release|Any CPU
		{85C2F7F5-815B-448A-905D-B8F0621E298A}.Release|Any CPU.Build.0 = Release|Any CPU
		{85C2F7F5-815B-448A-905D-B8F0621E298A}.Release|ARM.ActiveCfg = Release|Any CPU
		{85C2F7F5-815B-448A-905D-B8F0621E298A}.Release|ARM.Build.0 = Release|Any CPU
		{85C2F7F5-815B-448A-905D-B8F0621E298A}.Release|ARM64.ActiveCfg = Release|Any CPU
		{85C2F7F5-815B-448A-905D-B8F0621E298A}.Release|ARM64.Build.0 = Release|Any CPU
		{85C2F7F5-815B-448A-905D-B8F0621E298A}.Release|x64.ActiveCfg = Release|Any CPU
		{85C2F7F5-815B-448A-905D-B8F0621E298A}.Release|x64.Build.0 = Release|Any CPU
		{85C2F7F5-815B-448A-905D-B8F0621E298A}.Release|x86.ActiveCfg = Release|Any CPU
		{85C2F7F5-815B-448A-905D-B8F0621E298A}.Release|x86.Build.0 = Release|Any CPU
		{B802B0CD-3D59-450F-B3FE-65A62BFEBD69}.Debug|Any CPU.ActiveCfg = Debug|Any CPU
		{B802B0CD-3D59-450F-B3FE-65A62BFEBD69}.Debug|Any CPU.Build.0 = Debug|Any CPU
		{B802B0CD-3D59-450F-B3FE-65A62BFEBD69}.Debug|ARM.ActiveCfg = Debug|Any CPU
		{B802B0CD-3D59-450F-B3FE-65A62BFEBD69}.Debug|ARM.Build.0 = Debug|Any CPU
		{B802B0CD-3D59-450F-B3FE-65A62BFEBD69}.Debug|ARM64.ActiveCfg = Debug|Any CPU
		{B802B0CD-3D59-450F-B3FE-65A62BFEBD69}.Debug|ARM64.Build.0 = Debug|Any CPU
		{B802B0CD-3D59-450F-B3FE-65A62BFEBD69}.Debug|x64.ActiveCfg = Debug|Any CPU
		{B802B0CD-3D59-450F-B3FE-65A62BFEBD69}.Debug|x64.Build.0 = Debug|Any CPU
		{B802B0CD-3D59-450F-B3FE-65A62BFEBD69}.Debug|x86.ActiveCfg = Debug|Any CPU
		{B802B0CD-3D59-450F-B3FE-65A62BFEBD69}.Debug|x86.Build.0 = Debug|Any CPU
		{B802B0CD-3D59-450F-B3FE-65A62BFEBD69}.Release|Any CPU.ActiveCfg = Release|Any CPU
		{B802B0CD-3D59-450F-B3FE-65A62BFEBD69}.Release|Any CPU.Build.0 = Release|Any CPU
		{B802B0CD-3D59-450F-B3FE-65A62BFEBD69}.Release|ARM.ActiveCfg = Release|Any CPU
		{B802B0CD-3D59-450F-B3FE-65A62BFEBD69}.Release|ARM.Build.0 = Release|Any CPU
		{B802B0CD-3D59-450F-B3FE-65A62BFEBD69}.Release|ARM64.ActiveCfg = Release|Any CPU
		{B802B0CD-3D59-450F-B3FE-65A62BFEBD69}.Release|ARM64.Build.0 = Release|Any CPU
		{B802B0CD-3D59-450F-B3FE-65A62BFEBD69}.Release|x64.ActiveCfg = Release|Any CPU
		{B802B0CD-3D59-450F-B3FE-65A62BFEBD69}.Release|x64.Build.0 = Release|Any CPU
		{B802B0CD-3D59-450F-B3FE-65A62BFEBD69}.Release|x86.ActiveCfg = Release|Any CPU
		{B802B0CD-3D59-450F-B3FE-65A62BFEBD69}.Release|x86.Build.0 = Release|Any CPU
		{1409D049-865B-4D67-8A65-73A31E91B305}.Debug|Any CPU.ActiveCfg = Debug|Any CPU
		{1409D049-865B-4D67-8A65-73A31E91B305}.Debug|Any CPU.Build.0 = Debug|Any CPU
		{1409D049-865B-4D67-8A65-73A31E91B305}.Debug|ARM.ActiveCfg = Debug|Any CPU
		{1409D049-865B-4D67-8A65-73A31E91B305}.Debug|ARM.Build.0 = Debug|Any CPU
		{1409D049-865B-4D67-8A65-73A31E91B305}.Debug|ARM64.ActiveCfg = Debug|Any CPU
		{1409D049-865B-4D67-8A65-73A31E91B305}.Debug|ARM64.Build.0 = Debug|Any CPU
		{1409D049-865B-4D67-8A65-73A31E91B305}.Debug|x64.ActiveCfg = Debug|Any CPU
		{1409D049-865B-4D67-8A65-73A31E91B305}.Debug|x64.Build.0 = Debug|Any CPU
		{1409D049-865B-4D67-8A65-73A31E91B305}.Debug|x86.ActiveCfg = Debug|Any CPU
		{1409D049-865B-4D67-8A65-73A31E91B305}.Debug|x86.Build.0 = Debug|Any CPU
		{1409D049-865B-4D67-8A65-73A31E91B305}.Release|Any CPU.ActiveCfg = Release|Any CPU
		{1409D049-865B-4D67-8A65-73A31E91B305}.Release|Any CPU.Build.0 = Release|Any CPU
		{1409D049-865B-4D67-8A65-73A31E91B305}.Release|ARM.ActiveCfg = Release|Any CPU
		{1409D049-865B-4D67-8A65-73A31E91B305}.Release|ARM.Build.0 = Release|Any CPU
		{1409D049-865B-4D67-8A65-73A31E91B305}.Release|ARM64.ActiveCfg = Release|Any CPU
		{1409D049-865B-4D67-8A65-73A31E91B305}.Release|ARM64.Build.0 = Release|Any CPU
		{1409D049-865B-4D67-8A65-73A31E91B305}.Release|x64.ActiveCfg = Release|Any CPU
		{1409D049-865B-4D67-8A65-73A31E91B305}.Release|x64.Build.0 = Release|Any CPU
		{1409D049-865B-4D67-8A65-73A31E91B305}.Release|x86.ActiveCfg = Release|Any CPU
		{1409D049-865B-4D67-8A65-73A31E91B305}.Release|x86.Build.0 = Release|Any CPU
		{DE39E95F-ED5A-4E4E-A3D3-388E83014E8E}.Debug|Any CPU.ActiveCfg = Debug|Any CPU
		{DE39E95F-ED5A-4E4E-A3D3-388E83014E8E}.Debug|Any CPU.Build.0 = Debug|Any CPU
		{DE39E95F-ED5A-4E4E-A3D3-388E83014E8E}.Debug|ARM.ActiveCfg = Debug|Any CPU
		{DE39E95F-ED5A-4E4E-A3D3-388E83014E8E}.Debug|ARM.Build.0 = Debug|Any CPU
		{DE39E95F-ED5A-4E4E-A3D3-388E83014E8E}.Debug|ARM64.ActiveCfg = Debug|Any CPU
		{DE39E95F-ED5A-4E4E-A3D3-388E83014E8E}.Debug|ARM64.Build.0 = Debug|Any CPU
		{DE39E95F-ED5A-4E4E-A3D3-388E83014E8E}.Debug|x64.ActiveCfg = Debug|Any CPU
		{DE39E95F-ED5A-4E4E-A3D3-388E83014E8E}.Debug|x64.Build.0 = Debug|Any CPU
		{DE39E95F-ED5A-4E4E-A3D3-388E83014E8E}.Debug|x86.ActiveCfg = Debug|Any CPU
		{DE39E95F-ED5A-4E4E-A3D3-388E83014E8E}.Debug|x86.Build.0 = Debug|Any CPU
		{DE39E95F-ED5A-4E4E-A3D3-388E83014E8E}.Release|Any CPU.ActiveCfg = Release|Any CPU
		{DE39E95F-ED5A-4E4E-A3D3-388E83014E8E}.Release|Any CPU.Build.0 = Release|Any CPU
		{DE39E95F-ED5A-4E4E-A3D3-388E83014E8E}.Release|ARM.ActiveCfg = Release|Any CPU
		{DE39E95F-ED5A-4E4E-A3D3-388E83014E8E}.Release|ARM.Build.0 = Release|Any CPU
		{DE39E95F-ED5A-4E4E-A3D3-388E83014E8E}.Release|ARM64.ActiveCfg = Release|Any CPU
		{DE39E95F-ED5A-4E4E-A3D3-388E83014E8E}.Release|ARM64.Build.0 = Release|Any CPU
		{DE39E95F-ED5A-4E4E-A3D3-388E83014E8E}.Release|x64.ActiveCfg = Release|Any CPU
		{DE39E95F-ED5A-4E4E-A3D3-388E83014E8E}.Release|x64.Build.0 = Release|Any CPU
		{DE39E95F-ED5A-4E4E-A3D3-388E83014E8E}.Release|x86.ActiveCfg = Release|Any CPU
		{DE39E95F-ED5A-4E4E-A3D3-388E83014E8E}.Release|x86.Build.0 = Release|Any CPU
		{42F138A7-1AEC-4A61-A40D-F27874B664D2}.Debug|Any CPU.ActiveCfg = Debug|x64
		{42F138A7-1AEC-4A61-A40D-F27874B664D2}.Debug|Any CPU.Build.0 = Debug|x64
		{42F138A7-1AEC-4A61-A40D-F27874B664D2}.Debug|Any CPU.Deploy.0 = Debug|x64
		{42F138A7-1AEC-4A61-A40D-F27874B664D2}.Debug|ARM.ActiveCfg = Debug|x64
		{42F138A7-1AEC-4A61-A40D-F27874B664D2}.Debug|ARM.Build.0 = Debug|x64
		{42F138A7-1AEC-4A61-A40D-F27874B664D2}.Debug|ARM.Deploy.0 = Debug|x64
		{42F138A7-1AEC-4A61-A40D-F27874B664D2}.Debug|ARM64.ActiveCfg = Debug|ARM64
		{42F138A7-1AEC-4A61-A40D-F27874B664D2}.Debug|ARM64.Build.0 = Debug|ARM64
		{42F138A7-1AEC-4A61-A40D-F27874B664D2}.Debug|ARM64.Deploy.0 = Debug|ARM64
		{42F138A7-1AEC-4A61-A40D-F27874B664D2}.Debug|x64.ActiveCfg = Debug|x64
		{42F138A7-1AEC-4A61-A40D-F27874B664D2}.Debug|x64.Build.0 = Debug|x64
		{42F138A7-1AEC-4A61-A40D-F27874B664D2}.Debug|x64.Deploy.0 = Debug|x64
		{42F138A7-1AEC-4A61-A40D-F27874B664D2}.Debug|x86.ActiveCfg = Debug|x86
		{42F138A7-1AEC-4A61-A40D-F27874B664D2}.Debug|x86.Build.0 = Debug|x86
		{42F138A7-1AEC-4A61-A40D-F27874B664D2}.Debug|x86.Deploy.0 = Debug|x86
		{42F138A7-1AEC-4A61-A40D-F27874B664D2}.Release|Any CPU.ActiveCfg = Release|x64
		{42F138A7-1AEC-4A61-A40D-F27874B664D2}.Release|Any CPU.Build.0 = Release|x64
		{42F138A7-1AEC-4A61-A40D-F27874B664D2}.Release|Any CPU.Deploy.0 = Release|x64
		{42F138A7-1AEC-4A61-A40D-F27874B664D2}.Release|ARM.ActiveCfg = Release|x64
		{42F138A7-1AEC-4A61-A40D-F27874B664D2}.Release|ARM.Build.0 = Release|x64
		{42F138A7-1AEC-4A61-A40D-F27874B664D2}.Release|ARM.Deploy.0 = Release|x64
		{42F138A7-1AEC-4A61-A40D-F27874B664D2}.Release|ARM64.ActiveCfg = Release|ARM64
		{42F138A7-1AEC-4A61-A40D-F27874B664D2}.Release|ARM64.Build.0 = Release|ARM64
		{42F138A7-1AEC-4A61-A40D-F27874B664D2}.Release|ARM64.Deploy.0 = Release|ARM64
		{42F138A7-1AEC-4A61-A40D-F27874B664D2}.Release|x64.ActiveCfg = Release|x64
		{42F138A7-1AEC-4A61-A40D-F27874B664D2}.Release|x64.Build.0 = Release|x64
		{42F138A7-1AEC-4A61-A40D-F27874B664D2}.Release|x64.Deploy.0 = Release|x64
		{42F138A7-1AEC-4A61-A40D-F27874B664D2}.Release|x86.ActiveCfg = Release|x86
		{42F138A7-1AEC-4A61-A40D-F27874B664D2}.Release|x86.Build.0 = Release|x86
		{42F138A7-1AEC-4A61-A40D-F27874B664D2}.Release|x86.Deploy.0 = Release|x86
		{BFC3EE73-252A-4086-82B6-5E13A415616B}.Debug|Any CPU.ActiveCfg = Debug|x64
		{BFC3EE73-252A-4086-82B6-5E13A415616B}.Debug|Any CPU.Build.0 = Debug|x64
		{BFC3EE73-252A-4086-82B6-5E13A415616B}.Debug|ARM.ActiveCfg = Debug|Any CPU
		{BFC3EE73-252A-4086-82B6-5E13A415616B}.Debug|ARM.Build.0 = Debug|Any CPU
		{BFC3EE73-252A-4086-82B6-5E13A415616B}.Debug|ARM64.ActiveCfg = Debug|Any CPU
		{BFC3EE73-252A-4086-82B6-5E13A415616B}.Debug|ARM64.Build.0 = Debug|Any CPU
		{BFC3EE73-252A-4086-82B6-5E13A415616B}.Debug|x64.ActiveCfg = Debug|Any CPU
		{BFC3EE73-252A-4086-82B6-5E13A415616B}.Debug|x64.Build.0 = Debug|Any CPU
		{BFC3EE73-252A-4086-82B6-5E13A415616B}.Debug|x86.ActiveCfg = Debug|Any CPU
		{BFC3EE73-252A-4086-82B6-5E13A415616B}.Debug|x86.Build.0 = Debug|Any CPU
		{BFC3EE73-252A-4086-82B6-5E13A415616B}.Release|Any CPU.ActiveCfg = Release|Any CPU
		{BFC3EE73-252A-4086-82B6-5E13A415616B}.Release|Any CPU.Build.0 = Release|Any CPU
		{BFC3EE73-252A-4086-82B6-5E13A415616B}.Release|ARM.ActiveCfg = Release|Any CPU
		{BFC3EE73-252A-4086-82B6-5E13A415616B}.Release|ARM.Build.0 = Release|Any CPU
		{BFC3EE73-252A-4086-82B6-5E13A415616B}.Release|ARM64.ActiveCfg = Release|Any CPU
		{BFC3EE73-252A-4086-82B6-5E13A415616B}.Release|ARM64.Build.0 = Release|Any CPU
		{BFC3EE73-252A-4086-82B6-5E13A415616B}.Release|x64.ActiveCfg = Release|Any CPU
		{BFC3EE73-252A-4086-82B6-5E13A415616B}.Release|x64.Build.0 = Release|Any CPU
		{BFC3EE73-252A-4086-82B6-5E13A415616B}.Release|x86.ActiveCfg = Release|Any CPU
		{BFC3EE73-252A-4086-82B6-5E13A415616B}.Release|x86.Build.0 = Release|Any CPU
		{2A2C2A7F-5FCC-431F-8D3A-589F32A86FB1}.Debug|Any CPU.ActiveCfg = Debug|Any CPU
		{2A2C2A7F-5FCC-431F-8D3A-589F32A86FB1}.Debug|Any CPU.Build.0 = Debug|Any CPU
		{2A2C2A7F-5FCC-431F-8D3A-589F32A86FB1}.Debug|ARM.ActiveCfg = Debug|Any CPU
		{2A2C2A7F-5FCC-431F-8D3A-589F32A86FB1}.Debug|ARM.Build.0 = Debug|Any CPU
		{2A2C2A7F-5FCC-431F-8D3A-589F32A86FB1}.Debug|ARM64.ActiveCfg = Debug|Any CPU
		{2A2C2A7F-5FCC-431F-8D3A-589F32A86FB1}.Debug|ARM64.Build.0 = Debug|Any CPU
		{2A2C2A7F-5FCC-431F-8D3A-589F32A86FB1}.Debug|x64.ActiveCfg = Debug|Any CPU
		{2A2C2A7F-5FCC-431F-8D3A-589F32A86FB1}.Debug|x64.Build.0 = Debug|Any CPU
		{2A2C2A7F-5FCC-431F-8D3A-589F32A86FB1}.Debug|x86.ActiveCfg = Debug|Any CPU
		{2A2C2A7F-5FCC-431F-8D3A-589F32A86FB1}.Debug|x86.Build.0 = Debug|Any CPU
		{2A2C2A7F-5FCC-431F-8D3A-589F32A86FB1}.Release|Any CPU.ActiveCfg = Release|Any CPU
		{2A2C2A7F-5FCC-431F-8D3A-589F32A86FB1}.Release|Any CPU.Build.0 = Release|Any CPU
		{2A2C2A7F-5FCC-431F-8D3A-589F32A86FB1}.Release|ARM.ActiveCfg = Release|Any CPU
		{2A2C2A7F-5FCC-431F-8D3A-589F32A86FB1}.Release|ARM.Build.0 = Release|Any CPU
		{2A2C2A7F-5FCC-431F-8D3A-589F32A86FB1}.Release|ARM64.ActiveCfg = Release|Any CPU
		{2A2C2A7F-5FCC-431F-8D3A-589F32A86FB1}.Release|ARM64.Build.0 = Release|Any CPU
		{2A2C2A7F-5FCC-431F-8D3A-589F32A86FB1}.Release|x64.ActiveCfg = Release|Any CPU
		{2A2C2A7F-5FCC-431F-8D3A-589F32A86FB1}.Release|x64.Build.0 = Release|Any CPU
		{2A2C2A7F-5FCC-431F-8D3A-589F32A86FB1}.Release|x86.ActiveCfg = Release|Any CPU
		{2A2C2A7F-5FCC-431F-8D3A-589F32A86FB1}.Release|x86.Build.0 = Release|Any CPU
		{2864DE23-0969-4093-9A44-00B484CC3BAA}.Debug|Any CPU.ActiveCfg = Debug|Any CPU
		{2864DE23-0969-4093-9A44-00B484CC3BAA}.Debug|Any CPU.Build.0 = Debug|Any CPU
		{2864DE23-0969-4093-9A44-00B484CC3BAA}.Debug|ARM.ActiveCfg = Debug|Any CPU
		{2864DE23-0969-4093-9A44-00B484CC3BAA}.Debug|ARM.Build.0 = Debug|Any CPU
		{2864DE23-0969-4093-9A44-00B484CC3BAA}.Debug|ARM64.ActiveCfg = Debug|Any CPU
		{2864DE23-0969-4093-9A44-00B484CC3BAA}.Debug|ARM64.Build.0 = Debug|Any CPU
		{2864DE23-0969-4093-9A44-00B484CC3BAA}.Debug|x64.ActiveCfg = Debug|Any CPU
		{2864DE23-0969-4093-9A44-00B484CC3BAA}.Debug|x64.Build.0 = Debug|Any CPU
		{2864DE23-0969-4093-9A44-00B484CC3BAA}.Debug|x86.ActiveCfg = Debug|Any CPU
		{2864DE23-0969-4093-9A44-00B484CC3BAA}.Debug|x86.Build.0 = Debug|Any CPU
		{2864DE23-0969-4093-9A44-00B484CC3BAA}.Release|Any CPU.ActiveCfg = Release|Any CPU
		{2864DE23-0969-4093-9A44-00B484CC3BAA}.Release|Any CPU.Build.0 = Release|Any CPU
		{2864DE23-0969-4093-9A44-00B484CC3BAA}.Release|ARM.ActiveCfg = Release|Any CPU
		{2864DE23-0969-4093-9A44-00B484CC3BAA}.Release|ARM.Build.0 = Release|Any CPU
		{2864DE23-0969-4093-9A44-00B484CC3BAA}.Release|ARM64.ActiveCfg = Release|Any CPU
		{2864DE23-0969-4093-9A44-00B484CC3BAA}.Release|ARM64.Build.0 = Release|Any CPU
		{2864DE23-0969-4093-9A44-00B484CC3BAA}.Release|x64.ActiveCfg = Release|Any CPU
		{2864DE23-0969-4093-9A44-00B484CC3BAA}.Release|x64.Build.0 = Release|Any CPU
		{2864DE23-0969-4093-9A44-00B484CC3BAA}.Release|x86.ActiveCfg = Release|Any CPU
		{2864DE23-0969-4093-9A44-00B484CC3BAA}.Release|x86.Build.0 = Release|Any CPU
		{D6D35B9A-B1A2-4646-A3AD-04D98FA33BCD}.Debug|Any CPU.ActiveCfg = Debug|x64
		{D6D35B9A-B1A2-4646-A3AD-04D98FA33BCD}.Debug|Any CPU.Build.0 = Debug|x64
		{D6D35B9A-B1A2-4646-A3AD-04D98FA33BCD}.Debug|ARM.ActiveCfg = Debug|x64
		{D6D35B9A-B1A2-4646-A3AD-04D98FA33BCD}.Debug|ARM.Build.0 = Debug|x64
		{D6D35B9A-B1A2-4646-A3AD-04D98FA33BCD}.Debug|ARM64.ActiveCfg = Debug|ARM64
		{D6D35B9A-B1A2-4646-A3AD-04D98FA33BCD}.Debug|ARM64.Build.0 = Debug|ARM64
		{D6D35B9A-B1A2-4646-A3AD-04D98FA33BCD}.Debug|x64.ActiveCfg = Debug|x64
		{D6D35B9A-B1A2-4646-A3AD-04D98FA33BCD}.Debug|x64.Build.0 = Debug|x64
		{D6D35B9A-B1A2-4646-A3AD-04D98FA33BCD}.Debug|x86.ActiveCfg = Debug|x86
		{D6D35B9A-B1A2-4646-A3AD-04D98FA33BCD}.Debug|x86.Build.0 = Debug|x86
		{D6D35B9A-B1A2-4646-A3AD-04D98FA33BCD}.Release|Any CPU.ActiveCfg = Release|x64
		{D6D35B9A-B1A2-4646-A3AD-04D98FA33BCD}.Release|Any CPU.Build.0 = Release|x64
		{D6D35B9A-B1A2-4646-A3AD-04D98FA33BCD}.Release|ARM.ActiveCfg = Release|x64
		{D6D35B9A-B1A2-4646-A3AD-04D98FA33BCD}.Release|ARM.Build.0 = Release|x64
		{D6D35B9A-B1A2-4646-A3AD-04D98FA33BCD}.Release|ARM64.ActiveCfg = Release|ARM64
		{D6D35B9A-B1A2-4646-A3AD-04D98FA33BCD}.Release|ARM64.Build.0 = Release|ARM64
		{D6D35B9A-B1A2-4646-A3AD-04D98FA33BCD}.Release|x64.ActiveCfg = Release|x64
		{D6D35B9A-B1A2-4646-A3AD-04D98FA33BCD}.Release|x64.Build.0 = Release|x64
		{D6D35B9A-B1A2-4646-A3AD-04D98FA33BCD}.Release|x86.ActiveCfg = Release|x86
		{D6D35B9A-B1A2-4646-A3AD-04D98FA33BCD}.Release|x86.Build.0 = Release|x86
	EndGlobalSection
	GlobalSection(SolutionProperties) = preSolution
		HideSolutionNode = FALSE
	EndGlobalSection
	GlobalSection(NestedProjects) = preSolution
		{42F138A7-1AEC-4A61-A40D-F27874B664D2} = {A7C7E4BA-D211-4F4B-A55E-3409A516B0FC}
		{BFC3EE73-252A-4086-82B6-5E13A415616B} = {A7C7E4BA-D211-4F4B-A55E-3409A516B0FC}
		{D6D35B9A-B1A2-4646-A3AD-04D98FA33BCD} = {A7C7E4BA-D211-4F4B-A55E-3409A516B0FC}
	EndGlobalSection
	GlobalSection(ExtensibilityGlobals) = postSolution
		SolutionGuid = {7CA8B7BD-D37F-45B0-B0E6-35707AA69DD4}
	EndGlobalSection
EndGlobal
